
Microsoft Visual Studio Solution File, Format Version 12.00
# Visual Studio Version 17
VisualStudioVersion = 17.0.31912.275
MinimumVisualStudioVersion = 10.0.40219.1
Project("{FAE04EC0-301F-11D3-BF4B-00C04F79EFBC}") = "TC.Api", "TC.Api\TC.Api.csproj", "{7036F8B4-2BA6-4779-B438-F7D2F3CD071F}"
EndProject
Project("{FAE04EC0-301F-11D3-BF4B-00C04F79EFBC}") = "TC.Business", "TC.Business\TC.Business.csproj", "{7BDD4D8F-0501-4EF1-A091-33C722AD2DD6}"
EndProject
Project("{FAE04EC0-301F-11D3-BF4B-00C04F79EFBC}") = "TC.DAL", "TC.DAL\TC.DAL.csproj", "{307FBDB5-A87C-45CE-A225-6D7F20227483}"
EndProject
Project("{FAE04EC0-301F-11D3-BF4B-00C04F79EFBC}") = "TC.Common", "TC.Common\TC.Common.csproj", "{EC4BD7EC-ADE2-4204-BC58-BA942A9A4E6A}"
EndProject
Project("{FAE04EC0-301F-11D3-BF4B-00C04F79EFBC}") = "TC.Business.Abstractions", "TC.Business.Abstractions\TC.Business.Abstractions.csproj", "{518EE5BE-9694-4E34-AEA8-DD7A70A1F1D4}"
EndProject
Project("{FAE04EC0-301F-11D3-BF4B-00C04F79EFBC}") = "TC.Migrations", "TC.Migrations\TC.Migrations.csproj", "{3272BCCE-3BDE-4EE2-8963-17ADC91FAA7B}"
EndProject
Project("{FAE04EC0-301F-11D3-BF4B-00C04F79EFBC}") = "TC.Auth", "Shared\TC.Auth\TC.Auth.csproj", "{6770A090-C08E-4B93-AE39-5537A23AA861}"
EndProject
Project("{2150E333-8FDC-42A3-9474-1A3956D46DE8}") = "Shared", "Shared", "{5F7F3C2F-296F-4BC7-B137-C1E53081DE95}"
EndProject
Project("{FAE04EC0-301F-11D3-BF4B-00C04F79EFBC}") = "TC.AspNetCore", "Shared\TC.AspNetCore\TC.AspNetCore.csproj", "{9DE78B41-FBEB-4D5E-B379-FC432D8078B5}"
EndProject
Project("{FAE04EC0-301F-11D3-BF4B-00C04F79EFBC}") = "TC.DAL.Abstractions", "TC.DAL.Abstractions\TC.DAL.Abstractions.csproj", "{A9ED4DE2-27E2-4540-8371-605270BB62F0}"
EndProject
Project("{FAE04EC0-301F-11D3-BF4B-00C04F79EFBC}") = "TC.PostgresScaffold", "Shared\TC.PostgresScaffold\TC.PostgresScaffold.csproj", "{1AACE8E4-4E13-4C77-8862-C2A6BA823928}"
EndProject
Global
	GlobalSection(SolutionConfigurationPlatforms) = preSolution
		Debug|Any CPU = Debug|Any CPU
		Release|Any CPU = Release|Any CPU
	EndGlobalSection
	GlobalSection(ProjectConfigurationPlatforms) = postSolution
		{7036F8B4-2BA6-4779-B438-F7D2F3CD071F}.Debug|Any CPU.ActiveCfg = Debug|Any CPU
		{7036F8B4-2BA6-4779-B438-F7D2F3CD071F}.Debug|Any CPU.Build.0 = Debug|Any CPU
		{7036F8B4-2BA6-4779-B438-F7D2F3CD071F}.Release|Any CPU.ActiveCfg = Release|Any CPU
		{7036F8B4-2BA6-4779-B438-F7D2F3CD071F}.Release|Any CPU.Build.0 = Release|Any CPU
		{7BDD4D8F-0501-4EF1-A091-33C722AD2DD6}.Debug|Any CPU.ActiveCfg = Debug|Any CPU
		{7BDD4D8F-0501-4EF1-A091-33C722AD2DD6}.Debug|Any CPU.Build.0 = Debug|Any CPU
		{7BDD4D8F-0501-4EF1-A091-33C722AD2DD6}.Release|Any CPU.ActiveCfg = Release|Any CPU
		{7BDD4D8F-0501-4EF1-A091-33C722AD2DD6}.Release|Any CPU.Build.0 = Release|Any CPU
		{307FBDB5-A87C-45CE-A225-6D7F20227483}.Debug|Any CPU.ActiveCfg = Debug|Any CPU
		{307FBDB5-A87C-45CE-A225-6D7F20227483}.Debug|Any CPU.Build.0 = Debug|Any CPU
		{307FBDB5-A87C-45CE-A225-6D7F20227483}.Release|Any CPU.ActiveCfg = Release|Any CPU
		{307FBDB5-A87C-45CE-A225-6D7F20227483}.Release|Any CPU.Build.0 = Release|Any CPU
		{EC4BD7EC-ADE2-4204-BC58-BA942A9A4E6A}.Debug|Any CPU.ActiveCfg = Debug|Any CPU
		{EC4BD7EC-ADE2-4204-BC58-BA942A9A4E6A}.Debug|Any CPU.Build.0 = Debug|Any CPU
		{EC4BD7EC-ADE2-4204-BC58-BA942A9A4E6A}.Release|Any CPU.ActiveCfg = Release|Any CPU
		{EC4BD7EC-ADE2-4204-BC58-BA942A9A4E6A}.Release|Any CPU.Build.0 = Release|Any CPU
		{518EE5BE-9694-4E34-AEA8-DD7A70A1F1D4}.Debug|Any CPU.ActiveCfg = Debug|Any CPU
		{518EE5BE-9694-4E34-AEA8-DD7A70A1F1D4}.Debug|Any CPU.Build.0 = Debug|Any CPU
		{518EE5BE-9694-4E34-AEA8-DD7A70A1F1D4}.Release|Any CPU.ActiveCfg = Release|Any CPU
		{518EE5BE-9694-4E34-AEA8-DD7A70A1F1D4}.Release|Any CPU.Build.0 = Release|Any CPU
		{3272BCCE-3BDE-4EE2-8963-17ADC91FAA7B}.Debug|Any CPU.ActiveCfg = Debug|Any CPU
		{3272BCCE-3BDE-4EE2-8963-17ADC91FAA7B}.Debug|Any CPU.Build.0 = Debug|Any CPU
		{3272BCCE-3BDE-4EE2-8963-17ADC91FAA7B}.Release|Any CPU.ActiveCfg = Release|Any CPU
		{3272BCCE-3BDE-4EE2-8963-17ADC91FAA7B}.Release|Any CPU.Build.0 = Release|Any CPU
		{6770A090-C08E-4B93-AE39-5537A23AA861}.Debug|Any CPU.ActiveCfg = Debug|Any CPU
		{6770A090-C08E-4B93-AE39-5537A23AA861}.Debug|Any CPU.Build.0 = Debug|Any CPU
		{6770A090-C08E-4B93-AE39-5537A23AA861}.Release|Any CPU.ActiveCfg = Release|Any CPU
		{6770A090-C08E-4B93-AE39-5537A23AA861}.Release|Any CPU.Build.0 = Release|Any CPU
		{9DE78B41-FBEB-4D5E-B379-FC432D8078B5}.Debug|Any CPU.ActiveCfg = Debug|Any CPU
		{9DE78B41-FBEB-4D5E-B379-FC432D8078B5}.Debug|Any CPU.Build.0 = Debug|Any CPU
		{9DE78B41-FBEB-4D5E-B379-FC432D8078B5}.Release|Any CPU.ActiveCfg = Release|Any CPU
		{9DE78B41-FBEB-4D5E-B379-FC432D8078B5}.Release|Any CPU.Build.0 = Release|Any CPU
		{A9ED4DE2-27E2-4540-8371-605270BB62F0}.Debug|Any CPU.ActiveCfg = Debug|Any CPU
		{A9ED4DE2-27E2-4540-8371-605270BB62F0}.Debug|Any CPU.Build.0 = Debug|Any CPU
		{A9ED4DE2-27E2-4540-8371-605270BB62F0}.Release|Any CPU.ActiveCfg = Release|Any CPU
		{A9ED4DE2-27E2-4540-8371-605270BB62F0}.Release|Any CPU.Build.0 = Release|Any CPU
		{1AACE8E4-4E13-4C77-8862-C2A6BA823928}.Debug|Any CPU.ActiveCfg = Debug|Any CPU
		{1AACE8E4-4E13-4C77-8862-C2A6BA823928}.Debug|Any CPU.Build.0 = Debug|Any CPU
		{1AACE8E4-4E13-4C77-8862-C2A6BA823928}.Release|Any CPU.ActiveCfg = Release|Any CPU
		{1AACE8E4-4E13-4C77-8862-C2A6BA823928}.Release|Any CPU.Build.0 = Release|Any CPU
	EndGlobalSection
	GlobalSection(SolutionProperties) = preSolution
		HideSolutionNode = FALSE
	EndGlobalSection
	GlobalSection(ExtensibilityGlobals) = postSolution
		SolutionGuid = {CE0BD611-BCA9-4C92-9337-21F49E6CF606}
	EndGlobalSection
	GlobalSection(NestedProjects) = preSolution
		{6770A090-C08E-4B93-AE39-5537A23AA861} = {5F7F3C2F-296F-4BC7-B137-C1E53081DE95}
		{9DE78B41-FBEB-4D5E-B379-FC432D8078B5} = {5F7F3C2F-296F-4BC7-B137-C1E53081DE95}
		{1AACE8E4-4E13-4C77-8862-C2A6BA823928} = {5F7F3C2F-296F-4BC7-B137-C1E53081DE95}
	EndGlobalSection
EndGlobal
